// !$*UTF8*$!
{
	archiveVersion = 1;
	classes = {
	};
	objectVersion = 77;
	objects = {

/* Begin PBXBuildFile section */
		2702A9392EA065EE00B63BD1 /* DispencedMedication+Frequency.swift in Sources */ = {isa = PBXBuildFile; fileRef = 2702A9382EA065EE00B63BD1 /* DispencedMedication+Frequency.swift */; };
		275592A22E8B5FCE00A524A7 /* Provider+CoreDataClass.swift in Sources */ = {isa = PBXBuildFile; fileRef = 275592A02E8B5FCE00A524A7 /* Provider+CoreDataClass.swift */; };
		275592A32E8B5FCE00A524A7 /* Person+CoreDataProperties.swift in Sources */ = {isa = PBXBuildFile; fileRef = 2755929F2E8B5FCE00A524A7 /* Person+CoreDataProperties.swift */; };
		275592A42E8B5FCE00A524A7 /* Person+CoreDataClass.swift in Sources */ = {isa = PBXBuildFile; fileRef = 2755929E2E8B5FCE00A524A7 /* Person+CoreDataClass.swift */; };
		275592A52E8B5FCE00A524A7 /* DispencedMedication+CoreDataProperties.swift in Sources */ = {isa = PBXBuildFile; fileRef = 2755929B2E8B5FCE00A524A7 /* DispencedMedication+CoreDataProperties.swift */; };
		275592A62E8B5FCE00A524A7 /* Medication+CoreDataClass.swift in Sources */ = {isa = PBXBuildFile; fileRef = 2755929C2E8B5FCE00A524A7 /* Medication+CoreDataClass.swift */; };
		275592A72E8B5FCE00A524A7 /* Provider+CoreDataProperties.swift in Sources */ = {isa = PBXBuildFile; fileRef = 275592A12E8B5FCE00A524A7 /* Provider+CoreDataProperties.swift */; };
		275592A82E8B5FCE00A524A7 /* Medication+CoreDataProperties.swift in Sources */ = {isa = PBXBuildFile; fileRef = 2755929D2E8B5FCE00A524A7 /* Medication+CoreDataProperties.swift */; };
		275592A92E8B5FCE00A524A7 /* DispencedMedication+CoreDataClass.swift in Sources */ = {isa = PBXBuildFile; fileRef = 2755929A2E8B5FCE00A524A7 /* DispencedMedication+CoreDataClass.swift */; };
		275592AC2E8B60C700A524A7 /* Patient+CoreDataProperties.swift in Sources */ = {isa = PBXBuildFile; fileRef = 275592AB2E8B60C700A524A7 /* Patient+CoreDataProperties.swift */; };
		275592AD2E8B60C700A524A7 /* Patient+CoreDataClass.swift in Sources */ = {isa = PBXBuildFile; fileRef = 275592AA2E8B60C700A524A7 /* Patient+CoreDataClass.swift */; };
		275592BD2E8B6F9C00A524A7 /* CloudKitManager.swift in Sources */ = {isa = PBXBuildFile; fileRef = 275592BC2E8B6F9C00A524A7 /* CloudKitManager.swift */; };
		275592BF2E8B702800A524A7 /* SharingManager.swift in Sources */ = {isa = PBXBuildFile; fileRef = 275592BE2E8B702800A524A7 /* SharingManager.swift */; };
		278823182E9DC90200BCBD57 /* Degree.swift in Sources */ = {isa = PBXBuildFile; fileRef = 278823172E9DC90200BCBD57 /* Degree.swift */; };
		2788231A2E9FD50500BCBD57 /* EnvironmentInfo.swift in Sources */ = {isa = PBXBuildFile; fileRef = 278823192E9FD50500BCBD57 /* EnvironmentInfo.swift */; };
		27BFA0F12E9C335C003B4292 /* EditProviderView.swift in Sources */ = {isa = PBXBuildFile; fileRef = 27BFA0F02E9C335C003B4292 /* EditProviderView.swift */; };
		BD080A382E9D382300400DFD /* StateLicense+CoreDataClass.swift in Sources */ = {isa = PBXBuildFile; fileRef = BD080A362E9D382300400DFD /* StateLicense+CoreDataClass.swift */; };
		BD080A392E9D382300400DFD /* StateLicense+CoreDataProperties.swift in Sources */ = {isa = PBXBuildFile; fileRef = BD080A372E9D382300400DFD /* StateLicense+CoreDataProperties.swift */; };
		BD080AF02EA1ABA300400DFD /* PrivacyPolicy.md in Resources */ = {isa = PBXBuildFile; fileRef = BD080AEF2EA1ABA300400DFD /* PrivacyPolicy.md */; };
		BD080AF22EA2843700400DFD /* OfflinePatientManager.swift in Sources */ = {isa = PBXBuildFile; fileRef = BD080AF12EA2843700400DFD /* OfflinePatientManager.swift */; };
		BD28CAED2EA8450100303D86 /* DispencedMedication+DispenseUnit.swift in Sources */ = {isa = PBXBuildFile; fileRef = BD28CAEC2EA8450100303D86 /* DispencedMedication+DispenseUnit.swift */; };
		BD482A262E9B4DA800A52070 /* DispencedMedication+BusinessLogic.swift in Sources */ = {isa = PBXBuildFile; fileRef = BD482A252E9B4DA800A52070 /* DispencedMedication+BusinessLogic.swift */; };
		BD59A1A42E92BA8600C4516C /* MedicationLabelPDFGenerator.swift in Sources */ = {isa = PBXBuildFile; fileRef = BD59A1A32E92BA8600C4516C /* MedicationLabelPDFGenerator.swift */; };
		BD59A1A62E92BA9900C4516C /* ParticipantSelectionView.swift in Sources */ = {isa = PBXBuildFile; fileRef = BD59A1A52E92BA9900C4516C /* ParticipantSelectionView.swift */; };
		BD59A1A82E92BAEB00C4516C /* MedicationLabelPreviewView.swift in Sources */ = {isa = PBXBuildFile; fileRef = BD59A1A72E92BAEB00C4516C /* MedicationLabelPreviewView.swift */; };
		BD59A1AA2E92BAF600C4516C /* SharingTests.swift in Sources */ = {isa = PBXBuildFile; fileRef = BD59A1A92E92BAF600C4516C /* SharingTests.swift */; };
		BD59A1AC2E92E5F500C4516C /* SharingTests 2.swift in Sources */ = {isa = PBXBuildFile; fileRef = BD59A1AB2E92E5F500C4516C /* SharingTests 2.swift */; };
		BD59A1AE2E92EE7600C4516C /* MedicationPrintManager.swift in Sources */ = {isa = PBXBuildFile; fileRef = BD59A1AD2E92EE7600C4516C /* MedicationPrintManager.swift */; };
		BD59A1B02E92FA4900C4516C /* QRCodeGenerator.swift in Sources */ = {isa = PBXBuildFile; fileRef = BD59A1AF2E92FA4900C4516C /* QRCodeGenerator.swift */; };
		BD59A1B22E92FAC200C4516C /* QRCodeTestView.swift in Sources */ = {isa = PBXBuildFile; fileRef = BD59A1B12E92FAC200C4516C /* QRCodeTestView.swift */; };
		BD59A1B42E92FB0100C4516C /* QR_Code_Implementation_README.md in Resources */ = {isa = PBXBuildFile; fileRef = BD59A1B32E92FB0100C4516C /* QR_Code_Implementation_README.md */; };
		BD59A1D42E93232E00C4516C /* AddProviderView.swift in Sources */ = {isa = PBXBuildFile; fileRef = BD59A1D32E93232E00C4516C /* AddProviderView.swift */; };
		BD59A1D62E93238300C4516C /* ProvidersListView.swift in Sources */ = {isa = PBXBuildFile; fileRef = BD59A1D52E93238300C4516C /* ProvidersListView.swift */; };
		BD59A1D82E936BFA00C4516C /* BiometricAuth.swift in Sources */ = {isa = PBXBuildFile; fileRef = BD59A1D72E936BFA00C4516C /* BiometricAuth.swift */; };
		BD59A1DA2E936BFC00C4516C /* AuthenticationGateView.swift in Sources */ = {isa = PBXBuildFile; fileRef = BD59A1D92E936BFC00C4516C /* AuthenticationGateView.swift */; };
/* End PBXBuildFile section */

/* Begin PBXContainerItemProxy section */
		BD5B52B42E89565000DD14F1 /* PBXContainerItemProxy */ = {
			isa = PBXContainerItemProxy;
			containerPortal = BD5B52972E89564F00DD14F1 /* Project object */;
			proxyType = 1;
			remoteGlobalIDString = BD5B529E2E89564F00DD14F1;
			remoteInfo = LMGMedication;
		};
		BD5B52BE2E89565000DD14F1 /* PBXContainerItemProxy */ = {
			isa = PBXContainerItemProxy;
			containerPortal = BD5B52972E89564F00DD14F1 /* Project object */;
			proxyType = 1;
			remoteGlobalIDString = BD5B529E2E89564F00DD14F1;
			remoteInfo = LMGMedication;
		};
/* End PBXContainerItemProxy section */

/* Begin PBXFileReference section */
		2702A9382EA065EE00B63BD1 /* DispencedMedication+Frequency.swift */ = {isa = PBXFileReference; lastKnownFileType = sourcecode.swift; path = "DispencedMedication+Frequency.swift"; sourceTree = "<group>"; };
		2755929A2E8B5FCE00A524A7 /* DispencedMedication+CoreDataClass.swift */ = {isa = PBXFileReference; lastKnownFileType = sourcecode.swift; path = "DispencedMedication+CoreDataClass.swift"; sourceTree = "<group>"; };
		2755929B2E8B5FCE00A524A7 /* DispencedMedication+CoreDataProperties.swift */ = {isa = PBXFileReference; lastKnownFileType = sourcecode.swift; path = "DispencedMedication+CoreDataProperties.swift"; sourceTree = "<group>"; };
		2755929C2E8B5FCE00A524A7 /* Medication+CoreDataClass.swift */ = {isa = PBXFileReference; lastKnownFileType = sourcecode.swift; path = "Medication+CoreDataClass.swift"; sourceTree = "<group>"; };
		2755929D2E8B5FCE00A524A7 /* Medication+CoreDataProperties.swift */ = {isa = PBXFileReference; lastKnownFileType = sourcecode.swift; path = "Medication+CoreDataProperties.swift"; sourceTree = "<group>"; };
		2755929E2E8B5FCE00A524A7 /* Person+CoreDataClass.swift */ = {isa = PBXFileReference; lastKnownFileType = sourcecode.swift; path = "Person+CoreDataClass.swift"; sourceTree = "<group>"; };
		2755929F2E8B5FCE00A524A7 /* Person+CoreDataProperties.swift */ = {isa = PBXFileReference; lastKnownFileType = sourcecode.swift; path = "Person+CoreDataProperties.swift"; sourceTree = "<group>"; };
		275592A02E8B5FCE00A524A7 /* Provider+CoreDataClass.swift */ = {isa = PBXFileReference; lastKnownFileType = sourcecode.swift; path = "Provider+CoreDataClass.swift"; sourceTree = "<group>"; };
		275592A12E8B5FCE00A524A7 /* Provider+CoreDataProperties.swift */ = {isa = PBXFileReference; lastKnownFileType = sourcecode.swift; path = "Provider+CoreDataProperties.swift"; sourceTree = "<group>"; };
		275592AA2E8B60C700A524A7 /* Patient+CoreDataClass.swift */ = {isa = PBXFileReference; lastKnownFileType = sourcecode.swift; path = "Patient+CoreDataClass.swift"; sourceTree = "<group>"; };
		275592AB2E8B60C700A524A7 /* Patient+CoreDataProperties.swift */ = {isa = PBXFileReference; lastKnownFileType = sourcecode.swift; path = "Patient+CoreDataProperties.swift"; sourceTree = "<group>"; };
		275592BC2E8B6F9C00A524A7 /* CloudKitManager.swift */ = {isa = PBXFileReference; lastKnownFileType = sourcecode.swift; path = CloudKitManager.swift; sourceTree = "<group>"; };
		275592BE2E8B702800A524A7 /* SharingManager.swift */ = {isa = PBXFileReference; lastKnownFileType = sourcecode.swift; path = SharingManager.swift; sourceTree = "<group>"; };
		278823172E9DC90200BCBD57 /* Degree.swift */ = {isa = PBXFileReference; lastKnownFileType = sourcecode.swift; path = Degree.swift; sourceTree = "<group>"; };
		278823192E9FD50500BCBD57 /* EnvironmentInfo.swift */ = {isa = PBXFileReference; lastKnownFileType = sourcecode.swift; path = EnvironmentInfo.swift; sourceTree = "<group>"; };
		27BFA0F02E9C335C003B4292 /* EditProviderView.swift */ = {isa = PBXFileReference; lastKnownFileType = sourcecode.swift; path = EditProviderView.swift; sourceTree = "<group>"; };
		BD080A362E9D382300400DFD /* StateLicense+CoreDataClass.swift */ = {isa = PBXFileReference; lastKnownFileType = sourcecode.swift; path = "StateLicense+CoreDataClass.swift"; sourceTree = "<group>"; };
		BD080A372E9D382300400DFD /* StateLicense+CoreDataProperties.swift */ = {isa = PBXFileReference; lastKnownFileType = sourcecode.swift; path = "StateLicense+CoreDataProperties.swift"; sourceTree = "<group>"; };
		BD080AEF2EA1ABA300400DFD /* PrivacyPolicy.md */ = {isa = PBXFileReference; lastKnownFileType = net.daringfireball.markdown; path = PrivacyPolicy.md; sourceTree = "<group>"; };
		BD080AF12EA2843700400DFD /* OfflinePatientManager.swift */ = {isa = PBXFileReference; lastKnownFileType = sourcecode.swift; path = OfflinePatientManager.swift; sourceTree = "<group>"; };
		BD28CAEC2EA8450100303D86 /* DispencedMedication+DispenseUnit.swift */ = {isa = PBXFileReference; lastKnownFileType = sourcecode.swift; path = "DispencedMedication+DispenseUnit.swift"; sourceTree = "<group>"; };
		BD482A252E9B4DA800A52070 /* DispencedMedication+BusinessLogic.swift */ = {isa = PBXFileReference; lastKnownFileType = sourcecode.swift; path = "DispencedMedication+BusinessLogic.swift"; sourceTree = "<group>"; };
		BD59A1A32E92BA8600C4516C /* MedicationLabelPDFGenerator.swift */ = {isa = PBXFileReference; lastKnownFileType = sourcecode.swift; path = MedicationLabelPDFGenerator.swift; sourceTree = "<group>"; };
		BD59A1A52E92BA9900C4516C /* ParticipantSelectionView.swift */ = {isa = PBXFileReference; lastKnownFileType = sourcecode.swift; path = ParticipantSelectionView.swift; sourceTree = "<group>"; };
		BD59A1A72E92BAEB00C4516C /* MedicationLabelPreviewView.swift */ = {isa = PBXFileReference; lastKnownFileType = sourcecode.swift; path = MedicationLabelPreviewView.swift; sourceTree = "<group>"; };
		BD59A1A92E92BAF600C4516C /* SharingTests.swift */ = {isa = PBXFileReference; lastKnownFileType = sourcecode.swift; path = SharingTests.swift; sourceTree = "<group>"; };
		BD59A1AB2E92E5F500C4516C /* SharingTests 2.swift */ = {isa = PBXFileReference; lastKnownFileType = sourcecode.swift; path = "SharingTests 2.swift"; sourceTree = "<group>"; };
		BD59A1AD2E92EE7600C4516C /* MedicationPrintManager.swift */ = {isa = PBXFileReference; lastKnownFileType = sourcecode.swift; path = MedicationPrintManager.swift; sourceTree = "<group>"; };
		BD59A1AF2E92FA4900C4516C /* QRCodeGenerator.swift */ = {isa = PBXFileReference; lastKnownFileType = sourcecode.swift; path = QRCodeGenerator.swift; sourceTree = "<group>"; };
		BD59A1B12E92FAC200C4516C /* QRCodeTestView.swift */ = {isa = PBXFileReference; lastKnownFileType = sourcecode.swift; path = QRCodeTestView.swift; sourceTree = "<group>"; };
		BD59A1B32E92FB0100C4516C /* QR_Code_Implementation_README.md */ = {isa = PBXFileReference; lastKnownFileType = net.daringfireball.markdown; path = QR_Code_Implementation_README.md; sourceTree = "<group>"; };
		BD59A1D32E93232E00C4516C /* AddProviderView.swift */ = {isa = PBXFileReference; lastKnownFileType = sourcecode.swift; path = AddProviderView.swift; sourceTree = "<group>"; };
		BD59A1D52E93238300C4516C /* ProvidersListView.swift */ = {isa = PBXFileReference; lastKnownFileType = sourcecode.swift; path = ProvidersListView.swift; sourceTree = "<group>"; };
		BD59A1D72E936BFA00C4516C /* BiometricAuth.swift */ = {isa = PBXFileReference; lastKnownFileType = sourcecode.swift; path = BiometricAuth.swift; sourceTree = "<group>"; };
		BD59A1D92E936BFC00C4516C /* AuthenticationGateView.swift */ = {isa = PBXFileReference; lastKnownFileType = sourcecode.swift; path = AuthenticationGateView.swift; sourceTree = "<group>"; };
		BD5B529F2E89564F00DD14F1 /* LMGMedication.app */ = {isa = PBXFileReference; explicitFileType = wrapper.application; includeInIndex = 0; path = LMGMedication.app; sourceTree = BUILT_PRODUCTS_DIR; };
		BD5B52B32E89565000DD14F1 /* LMGMedicationTests.xctest */ = {isa = PBXFileReference; explicitFileType = wrapper.cfbundle; includeInIndex = 0; path = LMGMedicationTests.xctest; sourceTree = BUILT_PRODUCTS_DIR; };
		BD5B52BD2E89565000DD14F1 /* LMGMedicationUITests.xctest */ = {isa = PBXFileReference; explicitFileType = wrapper.cfbundle; includeInIndex = 0; path = LMGMedicationUITests.xctest; sourceTree = BUILT_PRODUCTS_DIR; };
/* End PBXFileReference section */

/* Begin PBXFileSystemSynchronizedBuildFileExceptionSet section */
		BD392C652E943F0B00B99EB3 /* Exceptions for "LMGMedication" folder in "LMGMedication" target */ = {
			isa = PBXFileSystemSynchronizedBuildFileExceptionSet;
			membershipExceptions = (
				Info.plist,
			);
			target = BD5B529E2E89564F00DD14F1 /* LMGMedication */;
		};
/* End PBXFileSystemSynchronizedBuildFileExceptionSet section */

/* Begin PBXFileSystemSynchronizedRootGroup section */
		BD5B52A12E89564F00DD14F1 /* LMGMedication */ = {
			isa = PBXFileSystemSynchronizedRootGroup;
			exceptions = (
				BD392C652E943F0B00B99EB3 /* Exceptions for "LMGMedication" folder in "LMGMedication" target */,
			);
			path = LMGMedication;
			sourceTree = "<group>";
		};
		BD5B52B62E89565000DD14F1 /* LMGMedicationTests */ = {
			isa = PBXFileSystemSynchronizedRootGroup;
			path = LMGMedicationTests;
			sourceTree = "<group>";
		};
		BD5B52C02E89565000DD14F1 /* LMGMedicationUITests */ = {
			isa = PBXFileSystemSynchronizedRootGroup;
			path = LMGMedicationUITests;
			sourceTree = "<group>";
		};
/* End PBXFileSystemSynchronizedRootGroup section */

/* Begin PBXFrameworksBuildPhase section */
		BD5B529C2E89564F00DD14F1 /* Frameworks */ = {
			isa = PBXFrameworksBuildPhase;
			buildActionMask = 2147483647;
			files = (
			);
			runOnlyForDeploymentPostprocessing = 0;
		};
		BD5B52B02E89565000DD14F1 /* Frameworks */ = {
			isa = PBXFrameworksBuildPhase;
			buildActionMask = 2147483647;
			files = (
			);
			runOnlyForDeploymentPostprocessing = 0;
		};
		BD5B52BA2E89565000DD14F1 /* Frameworks */ = {
			isa = PBXFrameworksBuildPhase;
			buildActionMask = 2147483647;
			files = (
			);
			runOnlyForDeploymentPostprocessing = 0;
		};
/* End PBXFrameworksBuildPhase section */

/* Begin PBXGroup section */
		BD5B52962E89564F00DD14F1 = {
			isa = PBXGroup;
			children = (
				BD080A362E9D382300400DFD /* StateLicense+CoreDataClass.swift */,
				BD080A372E9D382300400DFD /* StateLicense+CoreDataProperties.swift */,
				275592AA2E8B60C700A524A7 /* Patient+CoreDataClass.swift */,
				275592AB2E8B60C700A524A7 /* Patient+CoreDataProperties.swift */,
				2755929A2E8B5FCE00A524A7 /* DispencedMedication+CoreDataClass.swift */,
				2755929B2E8B5FCE00A524A7 /* DispencedMedication+CoreDataProperties.swift */,
				2755929C2E8B5FCE00A524A7 /* Medication+CoreDataClass.swift */,
				2755929D2E8B5FCE00A524A7 /* Medication+CoreDataProperties.swift */,
				2755929E2E8B5FCE00A524A7 /* Person+CoreDataClass.swift */,
				2755929F2E8B5FCE00A524A7 /* Person+CoreDataProperties.swift */,
				275592A02E8B5FCE00A524A7 /* Provider+CoreDataClass.swift */,
				275592A12E8B5FCE00A524A7 /* Provider+CoreDataProperties.swift */,
				BD5B52A12E89564F00DD14F1 /* LMGMedication */,
				BD5B52B62E89565000DD14F1 /* LMGMedicationTests */,
				BD5B52C02E89565000DD14F1 /* LMGMedicationUITests */,
				BD5B52A02E89564F00DD14F1 /* Products */,
				275592BC2E8B6F9C00A524A7 /* CloudKitManager.swift */,
				275592BE2E8B702800A524A7 /* SharingManager.swift */,
				BD59A1A32E92BA8600C4516C /* MedicationLabelPDFGenerator.swift */,
				BD59A1A52E92BA9900C4516C /* ParticipantSelectionView.swift */,
				BD59A1A72E92BAEB00C4516C /* MedicationLabelPreviewView.swift */,
				BD59A1A92E92BAF600C4516C /* SharingTests.swift */,
				BD59A1AB2E92E5F500C4516C /* SharingTests 2.swift */,
				BD59A1AD2E92EE7600C4516C /* MedicationPrintManager.swift */,
				BD59A1AF2E92FA4900C4516C /* QRCodeGenerator.swift */,
				BD59A1B12E92FAC200C4516C /* QRCodeTestView.swift */,
				BD59A1B32E92FB0100C4516C /* QR_Code_Implementation_README.md */,
				BD59A1D32E93232E00C4516C /* AddProviderView.swift */,
				BD59A1D52E93238300C4516C /* ProvidersListView.swift */,
				BD59A1D72E936BFA00C4516C /* BiometricAuth.swift */,
				BD59A1D92E936BFC00C4516C /* AuthenticationGateView.swift */,
				BD482A252E9B4DA800A52070 /* DispencedMedication+BusinessLogic.swift */,
				27BFA0F02E9C335C003B4292 /* EditProviderView.swift */,
				278823172E9DC90200BCBD57 /* Degree.swift */,
				278823192E9FD50500BCBD57 /* EnvironmentInfo.swift */,
				2702A9382EA065EE00B63BD1 /* DispencedMedication+Frequency.swift */,
				BD080AEF2EA1ABA300400DFD /* PrivacyPolicy.md */,
				BD080AF12EA2843700400DFD /* OfflinePatientManager.swift */,
				BD28CAEC2EA8450100303D86 /* DispencedMedication+DispenseUnit.swift */,
			);
			sourceTree = "<group>";
		};
		BD5B52A02E89564F00DD14F1 /* Products */ = {
			isa = PBXGroup;
			children = (
				BD5B529F2E89564F00DD14F1 /* LMGMedication.app */,
				BD5B52B32E89565000DD14F1 /* LMGMedicationTests.xctest */,
				BD5B52BD2E89565000DD14F1 /* LMGMedicationUITests.xctest */,
			);
			name = Products;
			sourceTree = "<group>";
		};
/* End PBXGroup section */

/* Begin PBXNativeTarget section */
		BD5B529E2E89564F00DD14F1 /* LMGMedication */ = {
			isa = PBXNativeTarget;
			buildConfigurationList = BD5B52C62E89565000DD14F1 /* Build configuration list for PBXNativeTarget "LMGMedication" */;
			buildPhases = (
				BD5B529B2E89564F00DD14F1 /* Sources */,
				BD5B529C2E89564F00DD14F1 /* Frameworks */,
				BD5B529D2E89564F00DD14F1 /* Resources */,
			);
			buildRules = (
			);
			dependencies = (
			);
			fileSystemSynchronizedGroups = (
				BD5B52A12E89564F00DD14F1 /* LMGMedication */,
			);
			name = LMGMedication;
			packageProductDependencies = (
			);
			productName = LMGMedication;
			productReference = BD5B529F2E89564F00DD14F1 /* LMGMedication.app */;
			productType = "com.apple.product-type.application";
		};
		BD5B52B22E89565000DD14F1 /* LMGMedicationTests */ = {
			isa = PBXNativeTarget;
			buildConfigurationList = BD5B52CB2E89565000DD14F1 /* Build configuration list for PBXNativeTarget "LMGMedicationTests" */;
			buildPhases = (
				BD5B52AF2E89565000DD14F1 /* Sources */,
				BD5B52B02E89565000DD14F1 /* Frameworks */,
				BD5B52B12E89565000DD14F1 /* Resources */,
			);
			buildRules = (
			);
			dependencies = (
				BD5B52B52E89565000DD14F1 /* PBXTargetDependency */,
			);
			fileSystemSynchronizedGroups = (
				BD5B52B62E89565000DD14F1 /* LMGMedicationTests */,
			);
			name = LMGMedicationTests;
			packageProductDependencies = (
			);
			productName = LMGMedicationTests;
			productReference = BD5B52B32E89565000DD14F1 /* LMGMedicationTests.xctest */;
			productType = "com.apple.product-type.bundle.unit-test";
		};
		BD5B52BC2E89565000DD14F1 /* LMGMedicationUITests */ = {
			isa = PBXNativeTarget;
			buildConfigurationList = BD5B52CE2E89565000DD14F1 /* Build configuration list for PBXNativeTarget "LMGMedicationUITests" */;
			buildPhases = (
				BD5B52B92E89565000DD14F1 /* Sources */,
				BD5B52BA2E89565000DD14F1 /* Frameworks */,
				BD5B52BB2E89565000DD14F1 /* Resources */,
			);
			buildRules = (
			);
			dependencies = (
				BD5B52BF2E89565000DD14F1 /* PBXTargetDependency */,
			);
			fileSystemSynchronizedGroups = (
				BD5B52C02E89565000DD14F1 /* LMGMedicationUITests */,
			);
			name = LMGMedicationUITests;
			packageProductDependencies = (
			);
			productName = LMGMedicationUITests;
			productReference = BD5B52BD2E89565000DD14F1 /* LMGMedicationUITests.xctest */;
			productType = "com.apple.product-type.bundle.ui-testing";
		};
/* End PBXNativeTarget section */

/* Begin PBXProject section */
		BD5B52972E89564F00DD14F1 /* Project object */ = {
			isa = PBXProject;
			attributes = {
				BuildIndependentTargetsInParallel = 1;
				LastSwiftUpdateCheck = 2600;
				LastUpgradeCheck = 2600;
				TargetAttributes = {
					BD5B529E2E89564F00DD14F1 = {
						CreatedOnToolsVersion = 26.0.1;
					};
					BD5B52B22E89565000DD14F1 = {
						CreatedOnToolsVersion = 26.0.1;
						TestTargetID = BD5B529E2E89564F00DD14F1;
					};
					BD5B52BC2E89565000DD14F1 = {
						CreatedOnToolsVersion = 26.0.1;
						TestTargetID = BD5B529E2E89564F00DD14F1;
					};
				};
			};
			buildConfigurationList = BD5B529A2E89564F00DD14F1 /* Build configuration list for PBXProject "LMGMedication" */;
			developmentRegion = en;
			hasScannedForEncodings = 0;
			knownRegions = (
				en,
				Base,
			);
			mainGroup = BD5B52962E89564F00DD14F1;
			minimizedProjectReferenceProxies = 1;
			preferredProjectObjectVersion = 77;
			productRefGroup = BD5B52A02E89564F00DD14F1 /* Products */;
			projectDirPath = "";
			projectRoot = "";
			targets = (
				BD5B529E2E89564F00DD14F1 /* LMGMedication */,
				BD5B52B22E89565000DD14F1 /* LMGMedicationTests */,
				BD5B52BC2E89565000DD14F1 /* LMGMedicationUITests */,
			);
		};
/* End PBXProject section */

/* Begin PBXResourcesBuildPhase section */
		BD5B529D2E89564F00DD14F1 /* Resources */ = {
			isa = PBXResourcesBuildPhase;
			buildActionMask = 2147483647;
			files = (
				BD080AF02EA1ABA300400DFD /* PrivacyPolicy.md in Resources */,
				BD59A1B42E92FB0100C4516C /* QR_Code_Implementation_README.md in Resources */,
			);
			runOnlyForDeploymentPostprocessing = 0;
		};
		BD5B52B12E89565000DD14F1 /* Resources */ = {
			isa = PBXResourcesBuildPhase;
			buildActionMask = 2147483647;
			files = (
			);
			runOnlyForDeploymentPostprocessing = 0;
		};
		BD5B52BB2E89565000DD14F1 /* Resources */ = {
			isa = PBXResourcesBuildPhase;
			buildActionMask = 2147483647;
			files = (
			);
			runOnlyForDeploymentPostprocessing = 0;
		};
/* End PBXResourcesBuildPhase section */

/* Begin PBXSourcesBuildPhase section */
		BD5B529B2E89564F00DD14F1 /* Sources */ = {
			isa = PBXSourcesBuildPhase;
			buildActionMask = 2147483647;
			files = (
				BD080A382E9D382300400DFD /* StateLicense+CoreDataClass.swift in Sources */,
				BD080A392E9D382300400DFD /* StateLicense+CoreDataProperties.swift in Sources */,
				275592A22E8B5FCE00A524A7 /* Provider+CoreDataClass.swift in Sources */,
				BD482A262E9B4DA800A52070 /* DispencedMedication+BusinessLogic.swift in Sources */,
				275592A32E8B5FCE00A524A7 /* Person+CoreDataProperties.swift in Sources */,
				BD59A1A82E92BAEB00C4516C /* MedicationLabelPreviewView.swift in Sources */,
				BD59A1D42E93232E00C4516C /* AddProviderView.swift in Sources */,
				BD59A1A42E92BA8600C4516C /* MedicationLabelPDFGenerator.swift in Sources */,
				275592BF2E8B702800A524A7 /* SharingManager.swift in Sources */,
				BD59A1AA2E92BAF600C4516C /* SharingTests.swift in Sources */,
				275592A42E8B5FCE00A524A7 /* Person+CoreDataClass.swift in Sources */,
				275592A52E8B5FCE00A524A7 /* DispencedMedication+CoreDataProperties.swift in Sources */,
				BD59A1AC2E92E5F500C4516C /* SharingTests 2.swift in Sources */,
				BD59A1B02E92FA4900C4516C /* QRCodeGenerator.swift in Sources */,
				BD59A1A62E92BA9900C4516C /* ParticipantSelectionView.swift in Sources */,
				BD59A1AE2E92EE7600C4516C /* MedicationPrintManager.swift in Sources */,
				27BFA0F12E9C335C003B4292 /* EditProviderView.swift in Sources */,
				BD080AF22EA2843700400DFD /* OfflinePatientManager.swift in Sources */,
				BD28CAED2EA8450100303D86 /* DispencedMedication+DispenseUnit.swift in Sources */,
				275592A62E8B5FCE00A524A7 /* Medication+CoreDataClass.swift in Sources */,
				275592A72E8B5FCE00A524A7 /* Provider+CoreDataProperties.swift in Sources */,
				BD59A1B22E92FAC200C4516C /* QRCodeTestView.swift in Sources */,
				275592A82E8B5FCE00A524A7 /* Medication+CoreDataProperties.swift in Sources */,
				278823182E9DC90200BCBD57 /* Degree.swift in Sources */,
				275592A92E8B5FCE00A524A7 /* DispencedMedication+CoreDataClass.swift in Sources */,
				275592BD2E8B6F9C00A524A7 /* CloudKitManager.swift in Sources */,
				275592AC2E8B60C700A524A7 /* Patient+CoreDataProperties.swift in Sources */,
				2702A9392EA065EE00B63BD1 /* DispencedMedication+Frequency.swift in Sources */,
				275592AD2E8B60C700A524A7 /* Patient+CoreDataClass.swift in Sources */,
				BD59A1DA2E936BFC00C4516C /* AuthenticationGateView.swift in Sources */,
				BD59A1D82E936BFA00C4516C /* BiometricAuth.swift in Sources */,
				BD59A1D62E93238300C4516C /* ProvidersListView.swift in Sources */,
				2788231A2E9FD50500BCBD57 /* EnvironmentInfo.swift in Sources */,
			);
			runOnlyForDeploymentPostprocessing = 0;
		};
		BD5B52AF2E89565000DD14F1 /* Sources */ = {
			isa = PBXSourcesBuildPhase;
			buildActionMask = 2147483647;
			files = (
			);
			runOnlyForDeploymentPostprocessing = 0;
		};
		BD5B52B92E89565000DD14F1 /* Sources */ = {
			isa = PBXSourcesBuildPhase;
			buildActionMask = 2147483647;
			files = (
			);
			runOnlyForDeploymentPostprocessing = 0;
		};
/* End PBXSourcesBuildPhase section */

/* Begin PBXTargetDependency section */
		BD5B52B52E89565000DD14F1 /* PBXTargetDependency */ = {
			isa = PBXTargetDependency;
			target = BD5B529E2E89564F00DD14F1 /* LMGMedication */;
			targetProxy = BD5B52B42E89565000DD14F1 /* PBXContainerItemProxy */;
		};
		BD5B52BF2E89565000DD14F1 /* PBXTargetDependency */ = {
			isa = PBXTargetDependency;
			target = BD5B529E2E89564F00DD14F1 /* LMGMedication */;
			targetProxy = BD5B52BE2E89565000DD14F1 /* PBXContainerItemProxy */;
		};
/* End PBXTargetDependency section */

/* Begin XCBuildConfiguration section */
		BD5B52C72E89565000DD14F1 /* Debug */ = {
			isa = XCBuildConfiguration;
			buildSettings = {
				ASSETCATALOG_COMPILER_APPICON_NAME = AppIcon;
				ASSETCATALOG_COMPILER_GLOBAL_ACCENT_COLOR_NAME = AccentColor;
				ASSETCATALOG_COMPILER_INCLUDE_ALL_APPICON_ASSETS = NO;
				CODE_SIGN_ENTITLEMENTS = LMGMedication/LMGMedication.entitlements;
				CODE_SIGN_STYLE = Automatic;
				CURRENT_PROJECT_VERSION = 20;
				DEVELOPMENT_TEAM = BN8DZ86DD9;
				ENABLE_APP_SANDBOX = YES;
				ENABLE_HARDENED_RUNTIME = YES;
				ENABLE_INCOMING_NETWORK_CONNECTIONS = NO;
				ENABLE_OUTGOING_NETWORK_CONNECTIONS = NO;
				ENABLE_PREVIEWS = YES;
				ENABLE_RESOURCE_ACCESS_AUDIO_INPUT = NO;
				ENABLE_RESOURCE_ACCESS_BLUETOOTH = NO;
				ENABLE_RESOURCE_ACCESS_CALENDARS = NO;
				ENABLE_RESOURCE_ACCESS_CAMERA = NO;
				ENABLE_RESOURCE_ACCESS_CONTACTS = NO;
				ENABLE_RESOURCE_ACCESS_LOCATION = NO;
				ENABLE_RESOURCE_ACCESS_PRINTING = YES;
				ENABLE_RESOURCE_ACCESS_USB = NO;
				ENABLE_USER_SELECTED_FILES = readonly;
				GENERATE_INFOPLIST_FILE = YES;
				INFOPLIST_FILE = LMGMedication/Info.plist;
				INFOPLIST_KEY_ITSAppUsesNonExemptEncryption = NO;
				INFOPLIST_KEY_NSFaceIDUsageDescription = "\"Face ID used to protect patient information\"";
				"INFOPLIST_KEY_UIApplicationSceneManifest_Generation[sdk=iphoneos*]" = YES;
				"INFOPLIST_KEY_UIApplicationSceneManifest_Generation[sdk=iphonesimulator*]" = YES;
				"INFOPLIST_KEY_UIApplicationSupportsIndirectInputEvents[sdk=iphoneos*]" = YES;
				"INFOPLIST_KEY_UIApplicationSupportsIndirectInputEvents[sdk=iphonesimulator*]" = YES;
				"INFOPLIST_KEY_UILaunchScreen_Generation[sdk=iphoneos*]" = YES;
				"INFOPLIST_KEY_UILaunchScreen_Generation[sdk=iphonesimulator*]" = YES;
				"INFOPLIST_KEY_UIStatusBarStyle[sdk=iphoneos*]" = UIStatusBarStyleDefault;
				"INFOPLIST_KEY_UIStatusBarStyle[sdk=iphonesimulator*]" = UIStatusBarStyleDefault;
				INFOPLIST_KEY_UISupportedInterfaceOrientations_iPad = "UIInterfaceOrientationPortrait UIInterfaceOrientationPortraitUpsideDown UIInterfaceOrientationLandscapeLeft UIInterfaceOrientationLandscapeRight";
				INFOPLIST_KEY_UISupportedInterfaceOrientations_iPhone = "UIInterfaceOrientationPortrait UIInterfaceOrientationLandscapeLeft UIInterfaceOrientationLandscapeRight";
				IPHONEOS_DEPLOYMENT_TARGET = 26.0;
				LD_RUNPATH_SEARCH_PATHS = "@executable_path/Frameworks";
				"LD_RUNPATH_SEARCH_PATHS[sdk=macosx*]" = "@executable_path/../Frameworks";
				MACOSX_DEPLOYMENT_TARGET = 26.0;
				MARKETING_VERSION = 2;
				PRODUCT_BUNDLE_IDENTIFIER = com.lazarmedicalgroup.LMGMedication;
				PRODUCT_NAME = "$(TARGET_NAME)";
				REGISTER_APP_GROUPS = YES;
				SDKROOT = auto;
				STRING_CATALOG_GENERATE_SYMBOLS = YES;
				SUPPORTED_PLATFORMS = "iphoneos iphonesimulator";
				SUPPORTS_MACCATALYST = NO;
				SWIFT_APPROACHABLE_CONCURRENCY = YES;
				SWIFT_DEFAULT_ACTOR_ISOLATION = MainActor;
				SWIFT_EMIT_LOC_STRINGS = YES;
				SWIFT_UPCOMING_FEATURE_MEMBER_IMPORT_VISIBILITY = YES;
				SWIFT_VERSION = 5.0;
				TARGETED_DEVICE_FAMILY = "1,2";
				XROS_DEPLOYMENT_TARGET = 26.0;
			};
			name = Debug;
		};
		BD5B52C82E89565000DD14F1 /* Release */ = {
			isa = XCBuildConfiguration;
			buildSettings = {
				ASSETCATALOG_COMPILER_APPICON_NAME = AppIcon;
				ASSETCATALOG_COMPILER_GLOBAL_ACCENT_COLOR_NAME = AccentColor;
				ASSETCATALOG_COMPILER_INCLUDE_ALL_APPICON_ASSETS = NO;
				CODE_SIGN_ENTITLEMENTS = LMGMedication/LMGMedication.entitlements;
				CODE_SIGN_STYLE = Automatic;
				CURRENT_PROJECT_VERSION = 20;
				DEVELOPMENT_TEAM = BN8DZ86DD9;
				ENABLE_APP_SANDBOX = YES;
				ENABLE_HARDENED_RUNTIME = YES;
				ENABLE_INCOMING_NETWORK_CONNECTIONS = NO;
				ENABLE_OUTGOING_NETWORK_CONNECTIONS = NO;
				ENABLE_PREVIEWS = YES;
				ENABLE_RESOURCE_ACCESS_AUDIO_INPUT = NO;
				ENABLE_RESOURCE_ACCESS_BLUETOOTH = NO;
				ENABLE_RESOURCE_ACCESS_CALENDARS = NO;
				ENABLE_RESOURCE_ACCESS_CAMERA = NO;
				ENABLE_RESOURCE_ACCESS_CONTACTS = NO;
				ENABLE_RESOURCE_ACCESS_LOCATION = NO;
				ENABLE_RESOURCE_ACCESS_PRINTING = YES;
				ENABLE_RESOURCE_ACCESS_USB = NO;
				ENABLE_USER_SELECTED_FILES = readonly;
				GENERATE_INFOPLIST_FILE = YES;
				INFOPLIST_FILE = LMGMedication/Info.plist;
				INFOPLIST_KEY_ITSAppUsesNonExemptEncryption = NO;
				INFOPLIST_KEY_NSFaceIDUsageDescription = "\"Face ID used to protect patient information\"";
				"INFOPLIST_KEY_UIApplicationSceneManifest_Generation[sdk=iphoneos*]" = YES;
				"INFOPLIST_KEY_UIApplicationSceneManifest_Generation[sdk=iphonesimulator*]" = YES;
				"INFOPLIST_KEY_UIApplicationSupportsIndirectInputEvents[sdk=iphoneos*]" = YES;
				"INFOPLIST_KEY_UIApplicationSupportsIndirectInputEvents[sdk=iphonesimulator*]" = YES;
				"INFOPLIST_KEY_UILaunchScreen_Generation[sdk=iphoneos*]" = YES;
				"INFOPLIST_KEY_UILaunchScreen_Generation[sdk=iphonesimulator*]" = YES;
				"INFOPLIST_KEY_UIStatusBarStyle[sdk=iphoneos*]" = UIStatusBarStyleDefault;
				"INFOPLIST_KEY_UIStatusBarStyle[sdk=iphonesimulator*]" = UIStatusBarStyleDefault;
				INFOPLIST_KEY_UISupportedInterfaceOrientations_iPad = "UIInterfaceOrientationPortrait UIInterfaceOrientationPortraitUpsideDown UIInterfaceOrientationLandscapeLeft UIInterfaceOrientationLandscapeRight";
				INFOPLIST_KEY_UISupportedInterfaceOrientations_iPhone = "UIInterfaceOrientationPortrait UIInterfaceOrientationLandscapeLeft UIInterfaceOrientationLandscapeRight";
				IPHONEOS_DEPLOYMENT_TARGET = 26.0;
				LD_RUNPATH_SEARCH_PATHS = "@executable_path/Frameworks";
				"LD_RUNPATH_SEARCH_PATHS[sdk=macosx*]" = "@executable_path/../Frameworks";
				MACOSX_DEPLOYMENT_TARGET = 26.0;
				MARKETING_VERSION = 2;
				PRODUCT_BUNDLE_IDENTIFIER = com.lazarmedicalgroup.LMGMedication;
				PRODUCT_NAME = "$(TARGET_NAME)";
				REGISTER_APP_GROUPS = YES;
				SDKROOT = auto;
				STRING_CATALOG_GENERATE_SYMBOLS = YES;
				SUPPORTED_PLATFORMS = "iphoneos iphonesimulator";
				SUPPORTS_MACCATALYST = NO;
				SWIFT_APPROACHABLE_CONCURRENCY = YES;
				SWIFT_DEFAULT_ACTOR_ISOLATION = MainActor;
				SWIFT_EMIT_LOC_STRINGS = YES;
				SWIFT_UPCOMING_FEATURE_MEMBER_IMPORT_VISIBILITY = YES;
				SWIFT_VERSION = 5.0;
				TARGETED_DEVICE_FAMILY = "1,2";
				XROS_DEPLOYMENT_TARGET = 26.0;
			};
			name = Release;
		};
		BD5B52C92E89565000DD14F1 /* Debug */ = {
			isa = XCBuildConfiguration;
			buildSettings = {
				ALWAYS_SEARCH_USER_PATHS = NO;
				ASSETCATALOG_COMPILER_GENERATE_SWIFT_ASSET_SYMBOL_EXTENSIONS = YES;
				CLANG_ANALYZER_NONNULL = YES;
				CLANG_ANALYZER_NUMBER_OBJECT_CONVERSION = YES_AGGRESSIVE;
				CLANG_CXX_LANGUAGE_STANDARD = "gnu++20";
				CLANG_ENABLE_MODULES = YES;
				CLANG_ENABLE_OBJC_ARC = YES;
				CLANG_ENABLE_OBJC_WEAK = YES;
				CLANG_WARN_BLOCK_CAPTURE_AUTORELEASING = YES;
				CLANG_WARN_BOOL_CONVERSION = YES;
				CLANG_WARN_COMMA = YES;
				CLANG_WARN_CONSTANT_CONVERSION = YES;
				CLANG_WARN_DEPRECATED_OBJC_IMPLEMENTATIONS = YES;
				CLANG_WARN_DIRECT_OBJC_ISA_USAGE = YES_ERROR;
				CLANG_WARN_DOCUMENTATION_COMMENTS = YES;
				CLANG_WARN_EMPTY_BODY = YES;
				CLANG_WARN_ENUM_CONVERSION = YES;
				CLANG_WARN_INFINITE_RECURSION = YES;
				CLANG_WARN_INT_CONVERSION = YES;
				CLANG_WARN_NON_LITERAL_NULL_CONVERSION = YES;
				CLANG_WARN_OBJC_IMPLICIT_RETAIN_SELF = YES;
				CLANG_WARN_OBJC_LITERAL_CONVERSION = YES;
				CLANG_WARN_OBJC_ROOT_CLASS = YES_ERROR;
				CLANG_WARN_QUOTED_INCLUDE_IN_FRAMEWORK_HEADER = YES;
				CLANG_WARN_RANGE_LOOP_ANALYSIS = YES;
				CLANG_WARN_STRICT_PROTOTYPES = YES;
				CLANG_WARN_SUSPICIOUS_MOVE = YES;
				CLANG_WARN_UNGUARDED_AVAILABILITY = YES_AGGRESSIVE;
				CLANG_WARN_UNREACHABLE_CODE = YES;
				CLANG_WARN__DUPLICATE_METHOD_MATCH = YES;
				COPY_PHASE_STRIP = NO;
				DEBUG_INFORMATION_FORMAT = dwarf;
				DEVELOPMENT_TEAM = BN8DZ86DD9;
				ENABLE_STRICT_OBJC_MSGSEND = YES;
				ENABLE_TESTABILITY = YES;
				ENABLE_USER_SCRIPT_SANDBOXING = YES;
				GCC_C_LANGUAGE_STANDARD = gnu17;
				GCC_DYNAMIC_NO_PIC = NO;
				GCC_NO_COMMON_BLOCKS = YES;
				GCC_OPTIMIZATION_LEVEL = 0;
				GCC_PREPROCESSOR_DEFINITIONS = (
					"DEBUG=1",
					"$(inherited)",
				);
				GCC_WARN_64_TO_32_BIT_CONVERSION = YES;
				GCC_WARN_ABOUT_RETURN_TYPE = YES_ERROR;
				GCC_WARN_UNDECLARED_SELECTOR = YES;
				GCC_WARN_UNINITIALIZED_AUTOS = YES_AGGRESSIVE;
				GCC_WARN_UNUSED_FUNCTION = YES;
				GCC_WARN_UNUSED_VARIABLE = YES;
				LOCALIZATION_PREFERS_STRING_CATALOGS = YES;
				MTL_ENABLE_DEBUG_INFO = INCLUDE_SOURCE;
				MTL_FAST_MATH = YES;
				ONLY_ACTIVE_ARCH = YES;
				SWIFT_ACTIVE_COMPILATION_CONDITIONS = "DEBUG $(inherited)";
				SWIFT_OPTIMIZATION_LEVEL = "-Onone";
			};
			name = Debug;
		};
		BD5B52CA2E89565000DD14F1 /* Release */ = {
			isa = XCBuildConfiguration;
			buildSettings = {
				ALWAYS_SEARCH_USER_PATHS = NO;
				ASSETCATALOG_COMPILER_GENERATE_SWIFT_ASSET_SYMBOL_EXTENSIONS = YES;
				CLANG_ANALYZER_NONNULL = YES;
				CLANG_ANALYZER_NUMBER_OBJECT_CONVERSION = YES_AGGRESSIVE;
				CLANG_CXX_LANGUAGE_STANDARD = "gnu++20";
				CLANG_ENABLE_MODULES = YES;
				CLANG_ENABLE_OBJC_ARC = YES;
				CLANG_ENABLE_OBJC_WEAK = YES;
				CLANG_WARN_BLOCK_CAPTURE_AUTORELEASING = YES;
				CLANG_WARN_BOOL_CONVERSION = YES;
				CLANG_WARN_COMMA = YES;
				CLANG_WARN_CONSTANT_CONVERSION = YES;
				CLANG_WARN_DEPRECATED_OBJC_IMPLEMENTATIONS = YES;
				CLANG_WARN_DIRECT_OBJC_ISA_USAGE = YES_ERROR;
				CLANG_WARN_DOCUMENTATION_COMMENTS = YES;
				CLANG_WARN_EMPTY_BODY = YES;
				CLANG_WARN_ENUM_CONVERSION = YES;
				CLANG_WARN_INFINITE_RECURSION = YES;
				CLANG_WARN_INT_CONVERSION = YES;
				CLANG_WARN_NON_LITERAL_NULL_CONVERSION = YES;
				CLANG_WARN_OBJC_IMPLICIT_RETAIN_SELF = YES;
				CLANG_WARN_OBJC_LITERAL_CONVERSION = YES;
				CLANG_WARN_OBJC_ROOT_CLASS = YES_ERROR;
				CLANG_WARN_QUOTED_INCLUDE_IN_FRAMEWORK_HEADER = YES;
				CLANG_WARN_RANGE_LOOP_ANALYSIS = YES;
				CLANG_WARN_STRICT_PROTOTYPES = YES;
				CLANG_WARN_SUSPICIOUS_MOVE = YES;
				CLANG_WARN_UNGUARDED_AVAILABILITY = YES_AGGRESSIVE;
				CLANG_WARN_UNREACHABLE_CODE = YES;
				CLANG_WARN__DUPLICATE_METHOD_MATCH = YES;
				COPY_PHASE_STRIP = NO;
				DEBUG_INFORMATION_FORMAT = "dwarf-with-dsym";
				DEVELOPMENT_TEAM = BN8DZ86DD9;
				ENABLE_NS_ASSERTIONS = NO;
				ENABLE_STRICT_OBJC_MSGSEND = YES;
				ENABLE_USER_SCRIPT_SANDBOXING = YES;
				GCC_C_LANGUAGE_STANDARD = gnu17;
				GCC_NO_COMMON_BLOCKS = YES;
				GCC_WARN_64_TO_32_BIT_CONVERSION = YES;
				GCC_WARN_ABOUT_RETURN_TYPE = YES_ERROR;
				GCC_WARN_UNDECLARED_SELECTOR = YES;
				GCC_WARN_UNINITIALIZED_AUTOS = YES_AGGRESSIVE;
				GCC_WARN_UNUSED_FUNCTION = YES;
				GCC_WARN_UNUSED_VARIABLE = YES;
				LOCALIZATION_PREFERS_STRING_CATALOGS = YES;
				MTL_ENABLE_DEBUG_INFO = NO;
				MTL_FAST_MATH = YES;
				SWIFT_COMPILATION_MODE = wholemodule;
			};
			name = Release;
		};
		BD5B52CC2E89565000DD14F1 /* Debug */ = {
			isa = XCBuildConfiguration;
			buildSettings = {
				BUNDLE_LOADER = "$(TEST_HOST)";
				CODE_SIGN_STYLE = Automatic;
				CURRENT_PROJECT_VERSION = 1;
				DEVELOPMENT_TEAM = BN8DZ86DD9;
				GENERATE_INFOPLIST_FILE = YES;
				IPHONEOS_DEPLOYMENT_TARGET = 26.0;
				MACOSX_DEPLOYMENT_TARGET = 26.0;
				MARKETING_VERSION = 1.0;
				PRODUCT_BUNDLE_IDENTIFIER = com.lazarmedicalgroup.LMGMedicationTests;
				PRODUCT_NAME = "$(TARGET_NAME)";
				SDKROOT = auto;
				STRING_CATALOG_GENERATE_SYMBOLS = NO;
				SUPPORTED_PLATFORMS = "iphoneos iphonesimulator macosx xros xrsimulator";
				SWIFT_APPROACHABLE_CONCURRENCY = YES;
				SWIFT_EMIT_LOC_STRINGS = NO;
				SWIFT_UPCOMING_FEATURE_MEMBER_IMPORT_VISIBILITY = YES;
				SWIFT_VERSION = 5.0;
				TARGETED_DEVICE_FAMILY = "1,2,7";
				TEST_HOST = "$(BUILT_PRODUCTS_DIR)/LMGMedication.app/$(BUNDLE_EXECUTABLE_FOLDER_PATH)/LMGMedication";
				XROS_DEPLOYMENT_TARGET = 26.0;
			};
			name = Debug;
		};
		BD5B52CD2E89565000DD14F1 /* Release */ = {
			isa = XCBuildConfiguration;
			buildSettings = {
				BUNDLE_LOADER = "$(TEST_HOST)";
				CODE_SIGN_STYLE = Automatic;
				CURRENT_PROJECT_VERSION = 1;
				DEVELOPMENT_TEAM = BN8DZ86DD9;
				GENERATE_INFOPLIST_FILE = YES;
				IPHONEOS_DEPLOYMENT_TARGET = 26.0;
				MACOSX_DEPLOYMENT_TARGET = 26.0;
				MARKETING_VERSION = 1.0;
				PRODUCT_BUNDLE_IDENTIFIER = com.lazarmedicalgroup.LMGMedicationTests;
				PRODUCT_NAME = "$(TARGET_NAME)";
				SDKROOT = auto;
				STRING_CATALOG_GENERATE_SYMBOLS = NO;
				SUPPORTED_PLATFORMS = "iphoneos iphonesimulator macosx xros xrsimulator";
				SWIFT_APPROACHABLE_CONCURRENCY = YES;
				SWIFT_EMIT_LOC_STRINGS = NO;
				SWIFT_UPCOMING_FEATURE_MEMBER_IMPORT_VISIBILITY = YES;
				SWIFT_VERSION = 5.0;
				TARGETED_DEVICE_FAMILY = "1,2,7";
				TEST_HOST = "$(BUILT_PRODUCTS_DIR)/LMGMedication.app/$(BUNDLE_EXECUTABLE_FOLDER_PATH)/LMGMedication";
				XROS_DEPLOYMENT_TARGET = 26.0;
			};
			name = Release;
		};
		BD5B52CF2E89565000DD14F1 /* Debug */ = {
			isa = XCBuildConfiguration;
			buildSettings = {
				CODE_SIGN_STYLE = Automatic;
				CURRENT_PROJECT_VERSION = 1;
				DEVELOPMENT_TEAM = BN8DZ86DD9;
				GENERATE_INFOPLIST_FILE = YES;
				IPHONEOS_DEPLOYMENT_TARGET = 26.0;
				MACOSX_DEPLOYMENT_TARGET = 26.0;
				MARKETING_VERSION = 1.0;
				PRODUCT_BUNDLE_IDENTIFIER = com.lazarmedicalgroup.LMGMedicationUITests;
				PRODUCT_NAME = "$(TARGET_NAME)";
				SDKROOT = auto;
				STRING_CATALOG_GENERATE_SYMBOLS = NO;
				SUPPORTED_PLATFORMS = "iphoneos iphonesimulator macosx xros xrsimulator";
				SWIFT_APPROACHABLE_CONCURRENCY = YES;
				SWIFT_EMIT_LOC_STRINGS = NO;
				SWIFT_UPCOMING_FEATURE_MEMBER_IMPORT_VISIBILITY = YES;
				SWIFT_VERSION = 5.0;
				TARGETED_DEVICE_FAMILY = "1,2,7";
				TEST_TARGET_NAME = LMGMedication;
				XROS_DEPLOYMENT_TARGET = 26.0;
			};
			name = Debug;
		};
		BD5B52D02E89565000DD14F1 /* Release */ = {
			isa = XCBuildConfiguration;
			buildSettings = {
				CODE_SIGN_STYLE = Automatic;
				CURRENT_PROJECT_VERSION = 1;
				DEVELOPMENT_TEAM = BN8DZ86DD9;
				GENERATE_INFOPLIST_FILE = YES;
				IPHONEOS_DEPLOYMENT_TARGET = 26.0;
				MACOSX_DEPLOYMENT_TARGET = 26.0;
				MARKETING_VERSION = 1.0;
				PRODUCT_BUNDLE_IDENTIFIER = com.lazarmedicalgroup.LMGMedicationUITests;
				PRODUCT_NAME = "$(TARGET_NAME)";
				SDKROOT = auto;
				STRING_CATALOG_GENERATE_SYMBOLS = NO;
				SUPPORTED_PLATFORMS = "iphoneos iphonesimulator macosx xros xrsimulator";
				SWIFT_APPROACHABLE_CONCURRENCY = YES;
				SWIFT_EMIT_LOC_STRINGS = NO;
				SWIFT_UPCOMING_FEATURE_MEMBER_IMPORT_VISIBILITY = YES;
				SWIFT_VERSION = 5.0;
				TARGETED_DEVICE_FAMILY = "1,2,7";
				TEST_TARGET_NAME = LMGMedication;
				XROS_DEPLOYMENT_TARGET = 26.0;
			};
			name = Release;
		};
/* End XCBuildConfiguration section */

/* Begin XCConfigurationList section */
		BD5B529A2E89564F00DD14F1 /* Build configuration list for PBXProject "LMGMedication" */ = {
			isa = XCConfigurationList;
			buildConfigurations = (
				BD5B52C92E89565000DD14F1 /* Debug */,
				BD5B52CA2E89565000DD14F1 /* Release */,
			);
			defaultConfigurationIsVisible = 0;
			defaultConfigurationName = Release;
		};
		BD5B52C62E89565000DD14F1 /* Build configuration list for PBXNativeTarget "LMGMedication" */ = {
			isa = XCConfigurationList;
			buildConfigurations = (
				BD5B52C72E89565000DD14F1 /* Debug */,
				BD5B52C82E89565000DD14F1 /* Release */,
			);
			defaultConfigurationIsVisible = 0;
			defaultConfigurationName = Release;
		};
		BD5B52CB2E89565000DD14F1 /* Build configuration list for PBXNativeTarget "LMGMedicationTests" */ = {
			isa = XCConfigurationList;
			buildConfigurations = (
				BD5B52CC2E89565000DD14F1 /* Debug */,
				BD5B52CD2E89565000DD14F1 /* Release */,
			);
			defaultConfigurationIsVisible = 0;
			defaultConfigurationName = Release;
		};
		BD5B52CE2E89565000DD14F1 /* Build configuration list for PBXNativeTarget "LMGMedicationUITests" */ = {
			isa = XCConfigurationList;
			buildConfigurations = (
				BD5B52CF2E89565000DD14F1 /* Debug */,
				BD5B52D02E89565000DD14F1 /* Release */,
			);
			defaultConfigurationIsVisible = 0;
			defaultConfigurationName = Release;
		};
/* End XCConfigurationList section */
	};
	rootObject = BD5B52972E89564F00DD14F1 /* Project object */;
}
